
Microsoft Visual Studio Solution File, Format Version 12.00
# Visual Studio Version 16
VisualStudioVersion = 16.0.31205.134
MinimumVisualStudioVersion = 10.0.40219.1
Project("{9A19103F-16F7-4668-BE54-9A1E7A4F7556}") = "WsApiEfectivo", "WsApiEfectivo\WsApiEfectivo.csproj", "{B02784F1-31D2-432D-A612-38EEB59C6716}"
EndProject
Project("{2150E333-8FDC-42A3-9474-1A3956D46DE8}") = "Web", "Web", "{93F38293-2779-4D7D-A1C1-8B76514CB1BE}"
EndProject
Project("{2150E333-8FDC-42A3-9474-1A3956D46DE8}") = "Api", "Api", "{C964A116-2F17-44A9-9214-0BB88A3CD7ED}"
EndProject
Project("{9A19103F-16F7-4668-BE54-9A1E7A4F7556}") = "Domain", "Domain\Domain.csproj", "{89AD9153-8797-4F7E-85A8-531896A5C4EC}"
EndProject
Project("{9A19103F-16F7-4668-BE54-9A1E7A4F7556}") = "Infrastructure", "Infrastructure\Infrastructure.csproj", "{98BB3067-C842-49C4-9637-4967A847F690}"
EndProject
Project("{9A19103F-16F7-4668-BE54-9A1E7A4F7556}") = "AppPagoEfectivo", "AppPagoEfectivo\AppPagoEfectivo.csproj", "{450BD616-CBCE-45AB-A445-98A31912CFE8}"
EndProject
Global
	GlobalSection(SolutionConfigurationPlatforms) = preSolution
		Debug|Any CPU = Debug|Any CPU
		Release|Any CPU = Release|Any CPU
	EndGlobalSection
	GlobalSection(ProjectConfigurationPlatforms) = postSolution
		{B02784F1-31D2-432D-A612-38EEB59C6716}.Debug|Any CPU.ActiveCfg = Debug|Any CPU
		{B02784F1-31D2-432D-A612-38EEB59C6716}.Debug|Any CPU.Build.0 = Debug|Any CPU
		{B02784F1-31D2-432D-A612-38EEB59C6716}.Release|Any CPU.ActiveCfg = Release|Any CPU
		{B02784F1-31D2-432D-A612-38EEB59C6716}.Release|Any CPU.Build.0 = Release|Any CPU
		{89AD9153-8797-4F7E-85A8-531896A5C4EC}.Debug|Any CPU.ActiveCfg = Debug|Any CPU
		{89AD9153-8797-4F7E-85A8-531896A5C4EC}.Debug|Any CPU.Build.0 = Debug|Any CPU
		{89AD9153-8797-4F7E-85A8-531896A5C4EC}.Release|Any CPU.ActiveCfg = Release|Any CPU
		{89AD9153-8797-4F7E-85A8-531896A5C4EC}.Release|Any CPU.Build.0 = Release|Any CPU
		{98BB3067-C842-49C4-9637-4967A847F690}.Debug|Any CPU.ActiveCfg = Debug|Any CPU
		{98BB3067-C842-49C4-9637-4967A847F690}.Debug|Any CPU.Build.0 = Debug|Any CPU
		{98BB3067-C842-49C4-9637-4967A847F690}.Release|Any CPU.ActiveCfg = Release|Any CPU
		{98BB3067-C842-49C4-9637-4967A847F690}.Release|Any CPU.Build.0 = Release|Any CPU
		{450BD616-CBCE-45AB-A445-98A31912CFE8}.Debug|Any CPU.ActiveCfg = Debug|Any CPU
		{450BD616-CBCE-45AB-A445-98A31912CFE8}.Debug|Any CPU.Build.0 = Debug|Any CPU
		{450BD616-CBCE-45AB-A445-98A31912CFE8}.Release|Any CPU.ActiveCfg = Release|Any CPU
		{450BD616-CBCE-45AB-A445-98A31912CFE8}.Release|Any CPU.Build.0 = Release|Any CPU
	EndGlobalSection
	GlobalSection(SolutionProperties) = preSolution
		HideSolutionNode = FALSE
	EndGlobalSection
	GlobalSection(NestedProjects) = preSolution
		{B02784F1-31D2-432D-A612-38EEB59C6716} = {C964A116-2F17-44A9-9214-0BB88A3CD7ED}
		{89AD9153-8797-4F7E-85A8-531896A5C4EC} = {C964A116-2F17-44A9-9214-0BB88A3CD7ED}
		{98BB3067-C842-49C4-9637-4967A847F690} = {C964A116-2F17-44A9-9214-0BB88A3CD7ED}
		{450BD616-CBCE-45AB-A445-98A31912CFE8} = {93F38293-2779-4D7D-A1C1-8B76514CB1BE}
	EndGlobalSection
	GlobalSection(ExtensibilityGlobals) = postSolution
		SolutionGuid = {1263B08D-385D-4838-BBEF-A123E38BF8B6}
	EndGlobalSection
EndGlobal
